
Microsoft Visual Studio Solution File, Format Version 12.00
# Visual Studio Version 17
VisualStudioVersion = 17.7.34031.279
MinimumVisualStudioVersion = 10.0.40219.1
Project("{FAE04EC0-301F-11D3-BF4B-00C04F79EFBC}") = "AdresbeheerBL", "AdresbeheerBL\AdresbeheerBL.csproj", "{BCF18074-3CC4-42CF-952D-F3473C3DA725}"
EndProject
Project("{FAE04EC0-301F-11D3-BF4B-00C04F79EFBC}") = "AdresbeheerDL", "AdresbeheerDL\AdresbeheerDL.csproj", "{B4E445A6-AF3E-45AB-9ED9-9747F489FE34}"
EndProject
Project("{FAE04EC0-301F-11D3-BF4B-00C04F79EFBC}") = "AdresbeheerREST", "AdresbeheerREST\AdresbeheerREST.csproj", "{2F8AF973-E702-4FB2-80C5-D39DFBC167C4}"
EndProject
Global
	GlobalSection(SolutionConfigurationPlatforms) = preSolution
		Debug|Any CPU = Debug|Any CPU
		Release|Any CPU = Release|Any CPU
	EndGlobalSection
	GlobalSection(ProjectConfigurationPlatforms) = postSolution
		{BCF18074-3CC4-42CF-952D-F3473C3DA725}.Debug|Any CPU.ActiveCfg = Debug|Any CPU
		{BCF18074-3CC4-42CF-952D-F3473C3DA725}.Debug|Any CPU.Build.0 = Debug|Any CPU
		{BCF18074-3CC4-42CF-952D-F3473C3DA725}.Release|Any CPU.ActiveCfg = Release|Any CPU
		{BCF18074-3CC4-42CF-952D-F3473C3DA725}.Release|Any CPU.Build.0 = Release|Any CPU
		{B4E445A6-AF3E-45AB-9ED9-9747F489FE34}.Debug|Any CPU.ActiveCfg = Debug|Any CPU
		{B4E445A6-AF3E-45AB-9ED9-9747F489FE34}.Debug|Any CPU.Build.0 = Debug|Any CPU
		{B4E445A6-AF3E-45AB-9ED9-9747F489FE34}.Release|Any CPU.ActiveCfg = Release|Any CPU
		{B4E445A6-AF3E-45AB-9ED9-9747F489FE34}.Release|Any CPU.Build.0 = Release|Any CPU
		{2F8AF973-E702-4FB2-80C5-D39DFBC167C4}.Debug|Any CPU.ActiveCfg = Debug|Any CPU
		{2F8AF973-E702-4FB2-80C5-D39DFBC167C4}.Debug|Any CPU.Build.0 = Debug|Any CPU
		{2F8AF973-E702-4FB2-80C5-D39DFBC167C4}.Release|Any CPU.ActiveCfg = Release|Any CPU
		{2F8AF973-E702-4FB2-80C5-D39DFBC167C4}.Release|Any CPU.Build.0 = Release|Any CPU
	EndGlobalSection
	GlobalSection(SolutionProperties) = preSolution
		HideSolutionNode = FALSE
	EndGlobalSection
	GlobalSection(ExtensibilityGlobals) = postSolution
		SolutionGuid = {58B79DBF-CB3F-498B-8E9B-57BA4B9C3B92}
	EndGlobalSection
EndGlobal
